
Microsoft Visual Studio Solution File, Format Version 12.00
# Visual Studio 15
Project("{FAE04EC0-301F-11D3-BF4B-00C04F79EFBC}") = "WeatherApi", "WeatherApi\WeatherApi.csproj", "{EB9A8A42-512D-48D3-9949-3710D1E9E292}"
EndProject
Project("{FAE04EC0-301F-11D3-BF4B-00C04F79EFBC}") = "UnitTests", "UnitTests\UnitTests.csproj", "{A1D31A3E-545E-4FC4-A7A4-DFC7849C3D4D}"
EndProject
Global
	GlobalSection(SolutionConfigurationPlatforms) = preSolution
		Debug|Any CPU = Debug|Any CPU
		Release|Any CPU = Release|Any CPU
	EndGlobalSection
	GlobalSection(ProjectConfigurationPlatforms) = postSolution
		{EB9A8A42-512D-48D3-9949-3710D1E9E292}.Debug|Any CPU.ActiveCfg = Debug|Any CPU
		{EB9A8A42-512D-48D3-9949-3710D1E9E292}.Debug|Any CPU.Build.0 = Debug|Any CPU
		{EB9A8A42-512D-48D3-9949-3710D1E9E292}.Release|Any CPU.ActiveCfg = Release|Any CPU
		{EB9A8A42-512D-48D3-9949-3710D1E9E292}.Release|Any CPU.Build.0 = Release|Any CPU
		{A1D31A3E-545E-4FC4-A7A4-DFC7849C3D4D}.Debug|Any CPU.ActiveCfg = Debug|Any CPU
		{A1D31A3E-545E-4FC4-A7A4-DFC7849C3D4D}.Debug|Any CPU.Build.0 = Debug|Any CPU
		{A1D31A3E-545E-4FC4-A7A4-DFC7849C3D4D}.Release|Any CPU.ActiveCfg = Release|Any CPU
		{A1D31A3E-545E-4FC4-A7A4-DFC7849C3D4D}.Release|Any CPU.Build.0 = Release|Any CPU
	EndGlobalSection
EndGlobal
