
Microsoft Visual Studio Solution File, Format Version 12.00
# Visual Studio Version 16
VisualStudioVersion = 16.0.29009.5
MinimumVisualStudioVersion = 10.0.40219.1
Project("{FAE04EC0-301F-11D3-BF4B-00C04F79EFBC}") = "WeatherPredictionMachine", "WeatherPredictionMachine.csproj", "{CF330CF3-75F3-406E-825B-A752808257FA}"
EndProject
Global
	GlobalSection(SolutionConfigurationPlatforms) = preSolution
		Debug|Any CPU = Debug|Any CPU
		Release|Any CPU = Release|Any CPU
	EndGlobalSection
	GlobalSection(ProjectConfigurationPlatforms) = postSolution
		{CF330CF3-75F3-406E-825B-A752808257FA}.Debug|Any CPU.ActiveCfg = Debug|Any CPU
		{CF330CF3-75F3-406E-825B-A752808257FA}.Debug|Any CPU.Build.0 = Debug|Any CPU
		{CF330CF3-75F3-406E-825B-A752808257FA}.Release|Any CPU.ActiveCfg = Release|Any CPU
		{CF330CF3-75F3-406E-825B-A752808257FA}.Release|Any CPU.Build.0 = Release|Any CPU
	EndGlobalSection
	GlobalSection(SolutionProperties) = preSolution
		HideSolutionNode = FALSE
	EndGlobalSection
	GlobalSection(ExtensibilityGlobals) = postSolution
		SolutionGuid = {F2551700-0D41-44C7-8472-431DCF28A51B}
	EndGlobalSection
EndGlobal
